
Microsoft Visual Studio Solution File, Format Version 12.00
# Visual Studio Version 16
VisualStudioVersion = 16.0.30104.148
MinimumVisualStudioVersion = 10.0.40219.1
Project("{FAE04EC0-301F-11D3-BF4B-00C04F79EFBC}") = "TradeBookingDependencyInjection", "TradeBookingDependencyInjection\TradeBookingDependencyInjection.csproj", "{69182000-02EE-4A61-B028-846C1DD76331}"
EndProject
Global
	GlobalSection(SolutionConfigurationPlatforms) = preSolution
		Debug|Any CPU = Debug|Any CPU
		Release|Any CPU = Release|Any CPU
	EndGlobalSection
	GlobalSection(ProjectConfigurationPlatforms) = postSolution
		{69182000-02EE-4A61-B028-846C1DD76331}.Debug|Any CPU.ActiveCfg = Debug|Any CPU
		{69182000-02EE-4A61-B028-846C1DD76331}.Debug|Any CPU.Build.0 = Debug|Any CPU
		{69182000-02EE-4A61-B028-846C1DD76331}.Release|Any CPU.ActiveCfg = Release|Any CPU
		{69182000-02EE-4A61-B028-846C1DD76331}.Release|Any CPU.Build.0 = Release|Any CPU
	EndGlobalSection
	GlobalSection(SolutionProperties) = preSolution
		HideSolutionNode = FALSE
	EndGlobalSection
	GlobalSection(ExtensibilityGlobals) = postSolution
		SolutionGuid = {6904506E-2366-4E77-9AA5-00519625049E}
	EndGlobalSection
EndGlobal
